
Microsoft Visual Studio Solution File, Format Version 12.00
# Visual Studio 15
VisualStudioVersion = 15.0.26228.9
MinimumVisualStudioVersion = 10.0.40219.1
Project("{FAE04EC0-301F-11D3-BF4B-00C04F79EFBC}") = "ClassLibrary1", "ClassLibrary1\ClassLibrary1.csproj", "{ADCBFE69-2B2C-4A79-89DF-46481F32E460}"
EndProject
Project("{FAE04EC0-301F-11D3-BF4B-00C04F79EFBC}") = "ConsoleApp1", "ConsoleApp1\ConsoleApp1.csproj", "{A5217CA6-8320-45E8-B9CB-45BDC0EE572E}"
EndProject
Global
	GlobalSection(SolutionConfigurationPlatforms) = preSolution
		Debug|Any CPU = Debug|Any CPU
		Release|Any CPU = Release|Any CPU
	EndGlobalSection
	GlobalSection(ProjectConfigurationPlatforms) = postSolution
		{ADCBFE69-2B2C-4A79-89DF-46481F32E460}.Debug|Any CPU.ActiveCfg = Debug|Any CPU
		{ADCBFE69-2B2C-4A79-89DF-46481F32E460}.Debug|Any CPU.Build.0 = Debug|Any CPU
		{ADCBFE69-2B2C-4A79-89DF-46481F32E460}.Release|Any CPU.ActiveCfg = Release|Any CPU
		{ADCBFE69-2B2C-4A79-89DF-46481F32E460}.Release|Any CPU.Build.0 = Release|Any CPU
		{A5217CA6-8320-45E8-B9CB-45BDC0EE572E}.Debug|Any CPU.ActiveCfg = Debug|Any CPU
		{A5217CA6-8320-45E8-B9CB-45BDC0EE572E}.Debug|Any CPU.Build.0 = Debug|Any CPU
		{A5217CA6-8320-45E8-B9CB-45BDC0EE572E}.Release|Any CPU.ActiveCfg = Release|Any CPU
		{A5217CA6-8320-45E8-B9CB-45BDC0EE572E}.Release|Any CPU.Build.0 = Release|Any CPU
	EndGlobalSection
	GlobalSection(SolutionProperties) = preSolution
		HideSolutionNode = FALSE
	EndGlobalSection
EndGlobal
